// !$*UTF8*$!
{
	archiveVersion = 1;
	classes = {
	};
	objectVersion = 46;
	objects = {

/* Begin PBXBuildFile section */
		338182915465489715041F88 /* Main.storyboard in Resources */ = {isa = PBXBuildFile; fileRef = 3381800B0C62025B6ECD6D2E /* Main.storyboard */; };
		338182E4F7F8A439B0E32A55 /* AppDelegate.swift in Sources */ = {isa = PBXBuildFile; fileRef = 338184DC75D92BACA3C4DAA2 /* AppDelegate.swift */; };
		33818349FD304845A96177DE /* LaunchScreen.storyboard in Resources */ = {isa = PBXBuildFile; fileRef = 338188B0527836CDA02A05B9 /* LaunchScreen.storyboard */; };
		33818A7095394E35600E5877 /* Assets.xcassets in Resources */ = {isa = PBXBuildFile; fileRef = 33818BD2709CBE85CB45153B /* Assets.xcassets */; };
		33818B69D19DE6E7CC9D6B0E /* SwiftWebUITests.swift in Sources */ = {isa = PBXBuildFile; fileRef = 33818CDA637A9496A046E33C /* SwiftWebUITests.swift */; };
		33818D4071C37B1F847D70DC /* SwiftWebTests.swift in Sources */ = {isa = PBXBuildFile; fileRef = 33818B053DA875A4971861E2 /* SwiftWebTests.swift */; };
		33818E1E26D1DF84E1E3A050 /* ViewController.swift in Sources */ = {isa = PBXBuildFile; fileRef = 338186150650577FFE6E1399 /* ViewController.swift */; };
/* End PBXBuildFile section */

/* Begin PBXContainerItemProxy section */
		3381895DC9112E6E2C074A75 /* PBXContainerItemProxy */ = {
			isa = PBXContainerItemProxy;
			containerPortal = 338184A8859EC09EC36D4314 /* Project object */;
			proxyType = 1;
			remoteGlobalIDString = 33818D7D933FCA8E05CE270F;
			remoteInfo = SwiftWeb;
		};
		33818AA3399CCF153C1B39E7 /* PBXContainerItemProxy */ = {
			isa = PBXContainerItemProxy;
			containerPortal = 338184A8859EC09EC36D4314 /* Project object */;
			proxyType = 1;
			remoteGlobalIDString = 33818D7D933FCA8E05CE270F;
			remoteInfo = SwiftWeb;
		};
/* End PBXContainerItemProxy section */

/* Begin PBXFileReference section */
		3381809500C1F839C33EA2BC /* Base */ = {isa = PBXFileReference; lastKnownFileType = file.storyboard; name = Base; path = Base.lproj/Main.storyboard; sourceTree = "<group>"; };
		338182CCB94B5535041FDF8B /* Info.plist */ = {isa = PBXFileReference; lastKnownFileType = text.plist.info; path = Info.plist; sourceTree = "<group>"; };
		338183730DDC397FA1B75591 /* Base */ = {isa = PBXFileReference; lastKnownFileType = file.storyboard; name = Base; path = Base.lproj/LaunchScreen.storyboard; sourceTree = "<group>"; };
		338184DC75D92BACA3C4DAA2 /* AppDelegate.swift */ = {isa = PBXFileReference; lastKnownFileType = sourcecode.swift; path = AppDelegate.swift; sourceTree = "<group>"; };
		338186150650577FFE6E1399 /* ViewController.swift */ = {isa = PBXFileReference; lastKnownFileType = sourcecode.swift; path = ViewController.swift; sourceTree = "<group>"; };
		33818645B02244EA229FB1EB /* SwiftWeb.app */ = {isa = PBXFileReference; explicitFileType = wrapper.application; includeInIndex = 0; path = SwiftWeb.app; sourceTree = BUILT_PRODUCTS_DIR; };
		338186DFF4B36E5B3DC85310 /* SwiftWebUITests.xctest */ = {isa = PBXFileReference; explicitFileType = wrapper.cfbundle; includeInIndex = 0; path = SwiftWebUITests.xctest; sourceTree = BUILT_PRODUCTS_DIR; };
		338188B6E0A8E35DEDE531CF /* Info.plist */ = {isa = PBXFileReference; lastKnownFileType = text.plist.info; path = Info.plist; sourceTree = "<group>"; };
		338188E33E88D5984B651328 /* SwiftWebTests.xctest */ = {isa = PBXFileReference; explicitFileType = wrapper.cfbundle; includeInIndex = 0; path = SwiftWebTests.xctest; sourceTree = BUILT_PRODUCTS_DIR; };
		33818B053DA875A4971861E2 /* SwiftWebTests.swift */ = {isa = PBXFileReference; lastKnownFileType = sourcecode.swift; path = SwiftWebTests.swift; sourceTree = "<group>"; };
		33818BD2709CBE85CB45153B /* Assets.xcassets */ = {isa = PBXFileReference; lastKnownFileType = folder.assetcatalog; path = Assets.xcassets; sourceTree = "<group>"; };
		33818CDA637A9496A046E33C /* SwiftWebUITests.swift */ = {isa = PBXFileReference; lastKnownFileType = sourcecode.swift; path = SwiftWebUITests.swift; sourceTree = "<group>"; };
		33818DC5074FB746F21788C3 /* Info.plist */ = {isa = PBXFileReference; lastKnownFileType = text.plist.info; path = Info.plist; sourceTree = "<group>"; };
/* End PBXFileReference section */

/* Begin PBXFrameworksBuildPhase section */
		338180FF51FE3F40F1E16D98 /* Frameworks */ = {
			isa = PBXFrameworksBuildPhase;
			buildActionMask = 2147483647;
			files = (
			);
			runOnlyForDeploymentPostprocessing = 0;
		};
		3381828E6652C57F28F359B4 /* Frameworks */ = {
			isa = PBXFrameworksBuildPhase;
			buildActionMask = 2147483647;
			files = (
			);
			runOnlyForDeploymentPostprocessing = 0;
		};
		33818C0982BD3286B23912F7 /* Frameworks */ = {
			isa = PBXFrameworksBuildPhase;
			buildActionMask = 2147483647;
			files = (
			);
			runOnlyForDeploymentPostprocessing = 0;
		};
/* End PBXFrameworksBuildPhase section */

/* Begin PBXGroup section */
		338180187463D67F41BCDFCD /* SwiftWeb */ = {
			isa = PBXGroup;
			children = (
				338188B6E0A8E35DEDE531CF /* Info.plist */,
				33818BD2709CBE85CB45153B /* Assets.xcassets */,
				338188B0527836CDA02A05B9 /* LaunchScreen.storyboard */,
				338184DC75D92BACA3C4DAA2 /* AppDelegate.swift */,
				3381800B0C62025B6ECD6D2E /* Main.storyboard */,
				338186150650577FFE6E1399 /* ViewController.swift */,
			);
			path = SwiftWeb;
			sourceTree = "<group>";
		};
		3381805F97AEDC81AF776042 /* SwiftWebUITests */ = {
			isa = PBXGroup;
			children = (
				33818DC5074FB746F21788C3 /* Info.plist */,
				33818CDA637A9496A046E33C /* SwiftWebUITests.swift */,
			);
			path = SwiftWebUITests;
			sourceTree = "<group>";
		};
		338188B1060E84CC606E1CFD /* SwiftWebTests */ = {
			isa = PBXGroup;
			children = (
				338182CCB94B5535041FDF8B /* Info.plist */,
				33818B053DA875A4971861E2 /* SwiftWebTests.swift */,
			);
			path = SwiftWebTests;
			sourceTree = "<group>";
		};
		3381890D7EE4D53EA924F761 /* Products */ = {
			isa = PBXGroup;
			children = (
				33818645B02244EA229FB1EB /* SwiftWeb.app */,
				338188E33E88D5984B651328 /* SwiftWebTests.xctest */,
				338186DFF4B36E5B3DC85310 /* SwiftWebUITests.xctest */,
			);
			name = Products;
			sourceTree = "<group>";
		};
		33818E835BBF219AAE7CDF2E = {
			isa = PBXGroup;
			children = (
				3381890D7EE4D53EA924F761 /* Products */,
				338180187463D67F41BCDFCD /* SwiftWeb */,
				338188B1060E84CC606E1CFD /* SwiftWebTests */,
				3381805F97AEDC81AF776042 /* SwiftWebUITests */,
			);
			sourceTree = "<group>";
		};
/* End PBXGroup section */

/* Begin PBXNativeTarget section */
		3381805314275647A1C60DA6 /* SwiftWebTests */ = {
			isa = PBXNativeTarget;
			buildConfigurationList = 338189B1F8045C76BB185DE1 /* Build configuration list for PBXNativeTarget "SwiftWebTests" */;
			buildPhases = (
				33818C5C8DBA0C022785F9D7 /* Sources */,
				338180FF51FE3F40F1E16D98 /* Frameworks */,
				33818188416BDC18F6978173 /* Resources */,
			);
			buildRules = (
			);
			dependencies = (
				338189D5F334634185BAC738 /* PBXTargetDependency */,
			);
			name = SwiftWebTests;
			productName = SwiftWebTests;
			productReference = 338188E33E88D5984B651328 /* SwiftWebTests.xctest */;
			productType = "com.apple.product-type.bundle.unit-test";
		};
		33818B1490C6E3150B1DB575 /* SwiftWebUITests */ = {
			isa = PBXNativeTarget;
			buildConfigurationList = 33818457B20E94B7876E5F2A /* Build configuration list for PBXNativeTarget "SwiftWebUITests" */;
			buildPhases = (
				338189F394EAB8241BBE5F27 /* Sources */,
				3381828E6652C57F28F359B4 /* Frameworks */,
				338185FCC83B1A6610FEC1ED /* Resources */,
			);
			buildRules = (
			);
			dependencies = (
				338184C29D1059C4828EB36A /* PBXTargetDependency */,
			);
			name = SwiftWebUITests;
			productName = SwiftWebUITests;
			productReference = 338186DFF4B36E5B3DC85310 /* SwiftWebUITests.xctest */;
			productType = "com.apple.product-type.bundle.ui-testing";
		};
		33818D7D933FCA8E05CE270F /* SwiftWeb */ = {
			isa = PBXNativeTarget;
			buildConfigurationList = 33818D318D39E94CB630D734 /* Build configuration list for PBXNativeTarget "SwiftWeb" */;
			buildPhases = (
				338189392249D4E5AAED2797 /* Sources */,
				33818C0982BD3286B23912F7 /* Frameworks */,
				33818E01968B244D9A937DC8 /* Resources */,
			);
			buildRules = (
			);
			dependencies = (
			);
			name = SwiftWeb;
			productName = SwiftWeb;
			productReference = 33818645B02244EA229FB1EB /* SwiftWeb.app */;
			productType = "com.apple.product-type.application";
		};
/* End PBXNativeTarget section */

/* Begin PBXProject section */
		338184A8859EC09EC36D4314 /* Project object */ = {
			isa = PBXProject;
			attributes = {
				ORGANIZATIONNAME = "___FULLUSERNAME___";
			};
			buildConfigurationList = 338185B349720493FAAF53AA /* Build configuration list for PBXProject "SwiftWeb" */;
			compatibilityVersion = "Xcode 3.2";
			developmentRegion = English;
			hasScannedForEncodings = 0;
			knownRegions = (
				en,
			);
			mainGroup = 33818E835BBF219AAE7CDF2E;
			productRefGroup = 3381890D7EE4D53EA924F761 /* Products */;
			projectDirPath = "";
			projectRoot = "";
			targets = (
				33818D7D933FCA8E05CE270F /* SwiftWeb */,
				3381805314275647A1C60DA6 /* SwiftWebTests */,
				33818B1490C6E3150B1DB575 /* SwiftWebUITests */,
			);
		};
/* End PBXProject section */

/* Begin PBXResourcesBuildPhase section */
		33818188416BDC18F6978173 /* Resources */ = {
			isa = PBXResourcesBuildPhase;
			buildActionMask = 2147483647;
			files = (
			);
			runOnlyForDeploymentPostprocessing = 0;
		};
		338185FCC83B1A6610FEC1ED /* Resources */ = {
			isa = PBXResourcesBuildPhase;
			buildActionMask = 2147483647;
			files = (
			);
			runOnlyForDeploymentPostprocessing = 0;
		};
		33818E01968B244D9A937DC8 /* Resources */ = {
			isa = PBXResourcesBuildPhase;
			buildActionMask = 2147483647;
			files = (
				33818A7095394E35600E5877 /* Assets.xcassets in Resources */,
				33818349FD304845A96177DE /* LaunchScreen.storyboard in Resources */,
				338182915465489715041F88 /* Main.storyboard in Resources */,
			);
			runOnlyForDeploymentPostprocessing = 0;
		};
/* End PBXResourcesBuildPhase section */

/* Begin PBXSourcesBuildPhase section */
		338189392249D4E5AAED2797 /* Sources */ = {
			isa = PBXSourcesBuildPhase;
			buildActionMask = 2147483647;
			files = (
				338182E4F7F8A439B0E32A55 /* AppDelegate.swift in Sources */,
				33818E1E26D1DF84E1E3A050 /* ViewController.swift in Sources */,
			);
			runOnlyForDeploymentPostprocessing = 0;
		};
		338189F394EAB8241BBE5F27 /* Sources */ = {
			isa = PBXSourcesBuildPhase;
			buildActionMask = 2147483647;
			files = (
				33818B69D19DE6E7CC9D6B0E /* SwiftWebUITests.swift in Sources */,
			);
			runOnlyForDeploymentPostprocessing = 0;
		};
		33818C5C8DBA0C022785F9D7 /* Sources */ = {
			isa = PBXSourcesBuildPhase;
			buildActionMask = 2147483647;
			files = (
				33818D4071C37B1F847D70DC /* SwiftWebTests.swift in Sources */,
			);
			runOnlyForDeploymentPostprocessing = 0;
		};
/* End PBXSourcesBuildPhase section */

/* Begin PBXTargetDependency section */
		338184C29D1059C4828EB36A /* PBXTargetDependency */ = {
			isa = PBXTargetDependency;
			target = 33818D7D933FCA8E05CE270F /* SwiftWeb */;
			targetProxy = 33818AA3399CCF153C1B39E7 /* PBXContainerItemProxy */;
		};
		338189D5F334634185BAC738 /* PBXTargetDependency */ = {
			isa = PBXTargetDependency;
			target = 33818D7D933FCA8E05CE270F /* SwiftWeb */;
			targetProxy = 3381895DC9112E6E2C074A75 /* PBXContainerItemProxy */;
		};
/* End PBXTargetDependency section */

/* Begin PBXVariantGroup section */
		3381800B0C62025B6ECD6D2E /* Main.storyboard */ = {
			isa = PBXVariantGroup;
			children = (
				3381809500C1F839C33EA2BC /* Base */,
			);
			name = Main.storyboard;
			sourceTree = "<group>";
		};
		338188B0527836CDA02A05B9 /* LaunchScreen.storyboard */ = {
			isa = PBXVariantGroup;
			children = (
				338183730DDC397FA1B75591 /* Base */,
			);
			name = LaunchScreen.storyboard;
			sourceTree = "<group>";
		};
/* End PBXVariantGroup section */

/* Begin XCBuildConfiguration section */
		3381818F50120BD22DD05ABC /* Release */ = {
			isa = XCBuildConfiguration;
			buildSettings = {
				ASSETCATALOG_COMPILER_APPICON_NAME = AppIcon;
				INFOPLIST_FILE = SwiftWeb/Info.plist;
				LD_RUNPATH_SEARCH_PATHS = "$(inherited) @executable_path/Frameworks";
				PRODUCT_BUNDLE_IDENTIFIER = GeniusK.SwiftWeb;
				PRODUCT_NAME = "$(TARGET_NAME)";
				SWIFT_VERSION = 3.1;
			};
			name = Release;
		};
		338186FCE7D9CB2B570B47B7 /* Release */ = {
			isa = XCBuildConfiguration;
			buildSettings = {
				BUNDLE_LOADER = "$(BUILT_PRODUCTS_DIR)/SwiftWeb.app/SwiftWeb";
				INFOPLIST_FILE = SwiftWebTests/Info.plist;
				LD_RUNPATH_SEARCH_PATHS = "$(inherited) @executable_path/Frameworks @loader_path/Frameworks";
				PRODUCT_BUNDLE_IDENTIFIER = GeniusK.SwiftWebTests;
				PRODUCT_NAME = "$(TARGET_NAME)";
				SWIFT_VERSION = 3.1;
				TEST_HOST = "$(BUNDLE_LOADER)";
			};
			name = Release;
		};
		3381870ECC23243E9E5FCB83 /* Debug */ = {
			isa = XCBuildConfiguration;
			buildSettings = {
				ALWAYS_SEARCH_USER_PATHS = NO;
				CLANG_ANALYZER_NONNULL = YES;
				CLANG_ANALYZER_NUMBER_OBJECT_CONVERSION = YES_AGGRESSIVE;
				CLANG_CXX_LANGUAGE_STANDARD = "gnu++0x";
				CLANG_CXX_LIBRARY = "libc++";
				CLANG_ENABLE_MODULES = YES;
				CLANG_ENABLE_OBJC_ARC = YES;
				CLANG_WARN_BOOL_CONVERSION = YES;
				CLANG_WARN_CONSTANT_CONVERSION = YES;
				CLANG_WARN_DIRECT_OBJC_ISA_USAGE = YES_ERROR;
				CLANG_WARN_DOCUMENTATION_COMMENTS = YES;
				CLANG_WARN_EMPTY_BODY = YES;
				CLANG_WARN_ENUM_CONVERSION = YES;
				CLANG_WARN_INFINITE_RECURSION = YES;
				CLANG_WARN_INT_CONVERSION = YES;
				CLANG_WARN_OBJC_ROOT_CLASS = YES_ERROR;
				CLANG_WARN_SUSPICIOUS_MOVE = YES;
				CLANG_WARN_UNREACHABLE_CODE = YES;
				CLANG_WARN__DUPLICATE_METHOD_MATCH = YES;
				"CODE_SIGN_IDENTITY[sdk=iphoneos*]" = "iPhone Developer";
				COPY_PHASE_STRIP = NO;
				DEBUG_INFORMATION_FORMAT = dwarf;
				ENABLE_STRICT_OBJC_MSGSEND = YES;
				ENABLE_TESTABILITY = YES;
				GCC_C_LANGUAGE_STANDARD = gnu99;
				GCC_DYNAMIC_NO_PIC = NO;
				GCC_NO_COMMON_BLOCKS = YES;
				GCC_OPTIMIZATION_LEVEL = 0;
				GCC_PREPROCESSOR_DEFINITIONS = (
					"DEBUG=1",
					"$(inherited)",
				);
				GCC_WARN_64_TO_32_BIT_CONVERSION = YES;
				GCC_WARN_ABOUT_RETURN_TYPE = YES_ERROR;
				GCC_WARN_UNDECLARED_SELECTOR = YES;
				GCC_WARN_UNINITIALIZED_AUTOS = YES_AGGRESSIVE;
				GCC_WARN_UNUSED_FUNCTION = YES;
				GCC_WARN_UNUSED_VARIABLE = YES;
				IPHONEOS_DEPLOYMENT_TARGET = 10.3;
				MTL_ENABLE_DEBUG_INFO = YES;
				ONLY_ACTIVE_ARCH = YES;
				SDKROOT = iphoneos;
				SWIFT_ACTIVE_COMPILATION_CONDITIONS = DEBUG;
				SWIFT_OPTIMIZATION_LEVEL = "-Onone";
			};
			name = Debug;
		};
		338187A76F348F6D3102890B /* Release */ = {
			isa = XCBuildConfiguration;
			buildSettings = {
				ALWAYS_SEARCH_USER_PATHS = NO;
				CLANG_ANALYZER_NONNULL = YES;
				CLANG_ANALYZER_NUMBER_OBJECT_CONVERSION = YES_AGGRESSIVE;
				CLANG_CXX_LANGUAGE_STANDARD = "gnu++0x";
				CLANG_CXX_LIBRARY = "libc++";
				CLANG_ENABLE_MODULES = YES;
				CLANG_ENABLE_OBJC_ARC = YES;
				CLANG_WARN_BOOL_CONVERSION = YES;
				CLANG_WARN_CONSTANT_CONVERSION = YES;
				CLANG_WARN_DIRECT_OBJC_ISA_USAGE = YES_ERROR;
				CLANG_WARN_DOCUMENTATION_COMMENTS = YES;
				CLANG_WARN_EMPTY_BODY = YES;
				CLANG_WARN_ENUM_CONVERSION = YES;
				CLANG_WARN_INFINITE_RECURSION = YES;
				CLANG_WARN_INT_CONVERSION = YES;
				CLANG_WARN_OBJC_ROOT_CLASS = YES_ERROR;
				CLANG_WARN_SUSPICIOUS_MOVE = YES;
				CLANG_WARN_UNREACHABLE_CODE = YES;
				CLANG_WARN__DUPLICATE_METHOD_MATCH = YES;
				"CODE_SIGN_IDENTITY[sdk=iphoneos*]" = "iPhone Developer";
				COPY_PHASE_STRIP = NO;
				DEBUG_INFORMATION_FORMAT = "dwarf-with-dsym";
				ENABLE_NS_ASSERTIONS = NO;
				ENABLE_STRICT_OBJC_MSGSEND = YES;
				GCC_C_LANGUAGE_STANDARD = gnu99;
				GCC_NO_COMMON_BLOCKS = YES;
				GCC_WARN_64_TO_32_BIT_CONVERSION = YES;
				GCC_WARN_ABOUT_RETURN_TYPE = YES_ERROR;
				GCC_WARN_UNDECLARED_SELECTOR = YES;
				GCC_WARN_UNINITIALIZED_AUTOS = YES_AGGRESSIVE;
				GCC_WARN_UNUSED_FUNCTION = YES;
				GCC_WARN_UNUSED_VARIABLE = YES;
				IPHONEOS_DEPLOYMENT_TARGET = 10.3;
				MTL_ENABLE_DEBUG_INFO = NO;
				SDKROOT = iphoneos;
				SWIFT_OPTIMIZATION_LEVEL = "-Owholemodule";
				VALIDATE_PRODUCT = YES;
			};
			name = Release;
		};
		33818AB869F7D438DC4B9AE1 /* Debug */ = {
			isa = XCBuildConfiguration;
			buildSettings = {
				ASSETCATALOG_COMPILER_APPICON_NAME = AppIcon;
				INFOPLIST_FILE = SwiftWeb/Info.plist;
				LD_RUNPATH_SEARCH_PATHS = "$(inherited) @executable_path/Frameworks";
				PRODUCT_BUNDLE_IDENTIFIER = GeniusK.SwiftWeb;
				PRODUCT_NAME = "$(TARGET_NAME)";
				SWIFT_VERSION = 3.1;
			};
			name = Debug;
		};
		33818C5D70B91B13B60EFDC9 /* Debug */ = {
			isa = XCBuildConfiguration;
			buildSettings = {
				BUNDLE_LOADER = "$(BUILT_PRODUCTS_DIR)/SwiftWeb.app/SwiftWeb";
				INFOPLIST_FILE = SwiftWebTests/Info.plist;
				LD_RUNPATH_SEARCH_PATHS = "$(inherited) @executable_path/Frameworks @loader_path/Frameworks";
				PRODUCT_BUNDLE_IDENTIFIER = GeniusK.SwiftWebTests;
				PRODUCT_NAME = "$(TARGET_NAME)";
				SWIFT_VERSION = 3.1;
				TEST_HOST = "$(BUNDLE_LOADER)";
			};
			name = Debug;
		};
		33818D053DDB2824859CCD6B /* Release */ = {
			isa = XCBuildConfiguration;
			buildSettings = {
				INFOPLIST_FILE = SwiftWebUITests/Info.plist;
				LD_RUNPATH_SEARCH_PATHS = "$(inherited) @executable_path/Frameworks @loader_path/Frameworks";
				PRODUCT_BUNDLE_IDENTIFIER = GeniusK.SwiftWebUITests;
				PRODUCT_NAME = "$(TARGET_NAME)";
				SWIFT_VERSION = 3.1;
				TEST_TARGET_NAME = SwiftWeb;
			};
			name = Release;
		};
		33818EC44851B10E5076341A /* Debug */ = {
			isa = XCBuildConfiguration;
			buildSettings = {
				INFOPLIST_FILE = SwiftWebUITests/Info.plist;
				LD_RUNPATH_SEARCH_PATHS = "$(inherited) @executable_path/Frameworks @loader_path/Frameworks";
				PRODUCT_BUNDLE_IDENTIFIER = GeniusK.SwiftWebUITests;
				PRODUCT_NAME = "$(TARGET_NAME)";
				SWIFT_VERSION = 3.1;
				TEST_TARGET_NAME = SwiftWeb;
			};
			name = Debug;
		};
/* End XCBuildConfiguration section */

/* Begin XCConfigurationList section */
		33818457B20E94B7876E5F2A /* Build configuration list for PBXNativeTarget "SwiftWebUITests" */ = {
			isa = XCConfigurationList;
			buildConfigurations = (
				33818EC44851B10E5076341A /* Debug */,
				33818D053DDB2824859CCD6B /* Release */,
			);
			defaultConfigurationIsVisible = 0;
		};
		338185B349720493FAAF53AA /* Build configuration list for PBXProject "SwiftWeb" */ = {
			isa = XCConfigurationList;
			buildConfigurations = (
				3381870ECC23243E9E5FCB83 /* Debug */,
				338187A76F348F6D3102890B /* Release */,
			);
			defaultConfigurationIsVisible = 0;
			defaultConfigurationName = Release;
		};
		338189B1F8045C76BB185DE1 /* Build configuration list for PBXNativeTarget "SwiftWebTests" */ = {
			isa = XCConfigurationList;
			buildConfigurations = (
				33818C5D70B91B13B60EFDC9 /* Debug */,
				338186FCE7D9CB2B570B47B7 /* Release */,
			);
			defaultConfigurationIsVisible = 0;
		};
		33818D318D39E94CB630D734 /* Build configuration list for PBXNativeTarget "SwiftWeb" */ = {
			isa = XCConfigurationList;
			buildConfigurations = (
				33818AB869F7D438DC4B9AE1 /* Debug */,
				3381818F50120BD22DD05ABC /* Release */,
			);
			defaultConfigurationIsVisible = 0;
		};
/* End XCConfigurationList section */
	};
	rootObject = 338184A8859EC09EC36D4314 /* Project object */;
}
